
Microsoft Visual Studio Solution File, Format Version 12.00
# Visual Studio 15
VisualStudioVersion = 15.0.27924.0
MinimumVisualStudioVersion = 10.0.40219.1
Project("{FAE04EC0-301F-11D3-BF4B-00C04F79EFBC}") = "WebApplication1", "WebApplication1\WebApplication1.csproj", "{528F5B36-66DF-453F-8A5E-620746305823}"
EndProject
Global
	GlobalSection(SolutionConfigurationPlatforms) = preSolution
		Debug|Any CPU = Debug|Any CPU
		Release|Any CPU = Release|Any CPU
	EndGlobalSection
	GlobalSection(ProjectConfigurationPlatforms) = postSolution
		{528F5B36-66DF-453F-8A5E-620746305823}.Debug|Any CPU.ActiveCfg = Debug|Any CPU
		{528F5B36-66DF-453F-8A5E-620746305823}.Debug|Any CPU.Build.0 = Debug|Any CPU
		{528F5B36-66DF-453F-8A5E-620746305823}.Release|Any CPU.ActiveCfg = Release|Any CPU
		{528F5B36-66DF-453F-8A5E-620746305823}.Release|Any CPU.Build.0 = Release|Any CPU
	EndGlobalSection
	GlobalSection(SolutionProperties) = preSolution
		HideSolutionNode = FALSE
	EndGlobalSection
	GlobalSection(ExtensibilityGlobals) = postSolution
		SolutionGuid = {A9C46E79-D1D0-43DA-B430-676572618BF5}
	EndGlobalSection
EndGlobal
